{
  "originHash" : "438b7ffdc1868693693956a74f2f03ab7fda842948b31549006a33fb8bc76201",
  "pins" : [
    {
      "identity" : "terminal-ansi",
      "kind" : "remoteSourceControl",
      "location" : "https://github.com/juri/terminal-ansi",
      "state" : {
        "revision" : "17d9408b927d4742d0d0db3854322f7bf1bd969c",
        "version" : "0.1.5"
      }
    }
  ],
  "version" : 3
}
