{
  "originHash" : "7096802c2b920afc2cba8fab81002ee2626948ed51d3d2e9b3554094d2759c8f",
  "pins" : [
    {
      "identity" : "terminal-ansi",
      "kind" : "remoteSourceControl",
      "location" : "https://github.com/juri/terminal-ansi",
      "state" : {
        "revision" : "60d2e80b948ccd56225fb9988b4f099939b371fc",
        "version" : "0.1.3"
      }
    }
  ],
  "version" : 3
}
